{"version":4,"terraform_version":"1.9.1","serial":27,"lineage":"28284f48-7282-4a73-26d4-37a89364b42a","outputs":{},"resources":[{"module":"module.talos","mode":"managed","type":"local_file","name":"nodes_yaml","provider":"provider[\"registry.opentofu.org/hashicorp/local\"]","instances":[{"schema_version":0,"attributes":{"content":"---\nnodes:\n  - name: \"ctrl-01\"\n    address: \"192.168.1.60\"\n    controller: true\n    disk: \"/dev/sda\"\n    mac_addr: bc:24:11:e6:ba:07\n    schematic_id: 53513e54bb39202f35694412577a6bc53d484744d35a126e5d42ef34785c0d83\n    mtu: 1500\n    secureboot: false\n    encrypt_disk: false\n  - name: \"ctrl-02\"\n    address: \"192.168.1.61\"\n    controller: true\n    disk: \"/dev/sda\"\n    mac_addr: bc:24:11:44:94:5c\n    schematic_id: 53513e54bb39202f35694412577a6bc53d484744d35a126e5d42ef34785c0d83\n    mtu: 1500\n    secureboot: false\n    encrypt_disk: false\n  - name: \"ctrl-03\"\n    address: \"192.168.1.62\"\n    controller: true\n    disk: \"/dev/sda\"\n    mac_addr: bc:24:11:1e:1d:2f\n    schematic_id: 53513e54bb39202f35694412577a6bc53d484744d35a126e5d42ef34785c0d83\n    mtu: 1500\n    secureboot: false\n    encrypt_disk: false\n  - name: \"work-01\"\n    address: \"192.168.1.71\"\n    controller: false\n    disk: \"/dev/sda\"\n    mac_addr: bc:24:11:64:5b:cb\n    schematic_id: 53513e54bb39202f35694412577a6bc53d484744d35a126e5d42ef34785c0d83\n    mtu: 1500\n    secureboot: false\n    encrypt_disk: false\n  - name: \"work-02\"\n    address: \"192.168.1.72\"\n    controller: false\n    disk: \"/dev/sda\"\n    mac_addr: bc:24:11:c9:22:c3\n    schematic_id: 53513e54bb39202f35694412577a6bc53d484744d35a126e5d42ef34785c0d83\n    mtu: 1500\n    secureboot: false\n    encrypt_disk: false\n  - name: \"work-03\"\n    address: \"192.168.1.73\"\n    controller: false\n    disk: \"/dev/sda\"\n    mac_addr: bc:24:11:6f:20:03\n    schematic_id: 53513e54bb39202f35694412577a6bc53d484744d35a126e5d42ef34785c0d83\n    mtu: 1500\n    secureboot: false\n    encrypt_disk: false\n\n","content_base64":null,"content_base64sha256":"FfTk1qIgh5MVbFiKbWu+4lu1Cp/XvUSNlI2Os3RGi3I=","content_base64sha512":"9EV7KpAMwY6NFPwj0WP0lwTUdIFExbqHhVAOBb2B0Nr3UJ8VUYkoJB/ydmjsjwW5AY/eRs/m2OrjQhNm0u8rVA==","content_md5":"29f1e3f6fc229327111058ac09eeba27","content_sha1":"b270e42cc29be50463c9bc7d99f3e170d8d1e642","content_sha256":"15f4e4d6a2208793156c588a6d6bbee25bb50a9fd7bd448d948d8eb374468b72","content_sha512":"f4457b2a900cc18e8d14fc23d163f49704d4748144c5ba8785500e05bd81d0daf7509f15518928241ff27668ec8f05b9018fde46cfe6d8eae3421366d2ef2b54","directory_permission":"0777","file_permission":"0777","filename":"talos/../../nodes.yaml","id":"b270e42cc29be50463c9bc7d99f3e170d8d1e642","sensitive_content":null,"source":null},"sensitive_attributes":[[{"type":"get_attr","value":"sensitive_content"}]],"dependencies":["module.talos.talos_image_factory_schematic.this"]}]},{"module":"module.talos","mode":"managed","type":"proxmox_virtual_environment_download_file","name":"this","provider":"provider[\"registry.opentofu.org/bpg/proxmox\"]","instances":[{"schema_version":0,"attributes":{"checksum":null,"checksum_algorithm":null,"content_type":"iso","datastore_id":"nfs-shared","decompression_algorithm":"gz","file_name":"talos-53513e54bb39202f35694412577a6bc53d484744d35a126e5d42ef34785c0d83_v1.10.1-nocloud-amd64.img","id":"nfs-shared:iso/talos-53513e54bb39202f35694412577a6bc53d484744d35a126e5d42ef34785c0d83_v1.10.1-nocloud-amd64.img","node_name":"pve-01","overwrite":false,"overwrite_unmanaged":false,"size":2356150272,"upload_timeout":600,"url":"https://factory.talos.dev/image/53513e54bb39202f35694412577a6bc53d484744d35a126e5d42ef34785c0d83/v1.10.1/nocloud-amd64.raw.gz","verify":true},"sensitive_attributes":[],"private":"eyJvcmlnaW5hbF9zdGF0ZV9zaXplIjoiTWpNMU5qRTFNREkzTWc9PSJ9","dependencies":["module.talos.talos_image_factory_schematic.this"]}]},{"module":"module.talos","mode":"managed","type":"proxmox_virtual_environment_vm","name":"this","provider":"provider[\"registry.opentofu.org/bpg/proxmox\"]","instances":[{"index_key":"ctrl-01","schema_version":0,"attributes":{"acpi":true,"agent":[{"enabled":true,"timeout":"15m","trim":false,"type":"virtio"}],"amd_sev":[],"audio_device":[],"bios":"seabios","boot_order":["scsi0"],"cdrom":[],"clone":[],"cpu":[{"affinity":"","architecture":"","cores":4,"flags":[],"hotplugged":0,"limit":0,"numa":false,"sockets":1,"type":"host","units":1024}],"description":"Talos Control Plane","disk":[{"aio":"io_uring","backup":true,"cache":"writethrough","datastore_id":"local-lvm","discard":"on","file_format":"raw","file_id":"nfs-shared:iso/talos-53513e54bb39202f35694412577a6bc53d484744d35a126e5d42ef34785c0d83_v1.10.1-nocloud-amd64.img","interface":"scsi0","iothread":true,"path_in_datastore":"vm-8101-disk-0","replicate":true,"serial":"","size":40,"speed":[],"ssd":true}],"efi_disk":[],"hook_script_file_id":null,"hostpci":[],"id":"8101","initialization":[{"datastore_id":"local-lvm","dns":[{"domain":"","servers":["192.168.1.23"]}],"interface":"ide2","ip_config":[{"ipv4":[{"address":"192.168.1.60/24","gateway":"192.168.1.254"}],"ipv6":[]}],"meta_data_file_id":"","network_data_file_id":"","type":"","user_account":[],"user_data_file_id":"","vendor_data_file_id":""}],"ipv4_addresses":[["127.0.0.1","169.254.116.108"],[],[],[],[],[],[],["192.168.1.60"],[],["10.42.4.70"],[],[]],"ipv6_addresses":[["::1"],[],[],[],[],[],[],["2001:861:5e43:3240:be24:11ff:fee6:ba07","fe80::be24:11ff:fee6:ba07"],["fe80::fc78:c9ff:fe5b:4855"],["fe80::7c53:d8ff:fe91:8e02"],["fe80::1462:9fff:fe5f:cc1c"],["fe80::50c8:20ff:fe9e:67df"]],"keyboard_layout":"en-us","kvm_arguments":"","mac_addresses":["00:00:00:00:00:00","DE:B4:9F:3E:68:AC","4A:42:41:83:B7:9B","00:00:00:00:00:00","00:00:00:00:00:00","00:00:00:00:00:00","00:00:00:00:00:00","BC:24:11:E6:BA:07","FE:78:C9:5B:48:55","7E:53:D8:91:8E:02","16:62:9F:5F:CC:1C","52:C8:20:9E:67:DF"],"machine":"q35","memory":[{"dedicated":4096,"floating":0,"hugepages":"","keep_hugepages":false,"shared":0}],"migrate":false,"name":"ctrl-01","network_device":[{"bridge":"vmbr0","disconnected":false,"enabled":true,"firewall":false,"mac_address":"bc:24:11:e6:ba:07","model":"virtio","mtu":0,"queues":0,"rate_limit":0,"trunks":"","vlan_id":0}],"network_interface_names":["lo","bond0","dummy0","teql0","tunl0","sit0","ip6tnl0","eth0","cilium_net","cilium_host","lxc_health","lxcaffbabb05b49"],"node_name":"pve-01","numa":[],"on_boot":true,"operating_system":[{"type":"l26"}],"pool_id":null,"protection":false,"reboot":false,"reboot_after_update":true,"rng":[],"scsi_hardware":"virtio-scsi-single","serial_device":[],"smbios":[],"started":true,"startup":[],"stop_on_destroy":false,"tablet_device":true,"tags":["control-plane","k8s"],"template":false,"timeout_clone":1800,"timeout_create":1800,"timeout_migrate":1800,"timeout_move_disk":1800,"timeout_reboot":1800,"timeout_shutdown_vm":1800,"timeout_start_vm":1800,"timeout_stop_vm":300,"tpm_state":[],"usb":[],"vga":[],"virtiofs":[],"vm_id":8101,"watchdog":[]},"sensitive_attributes":[],"private":"bnVsbA==","dependencies":["module.talos.proxmox_virtual_environment_download_file.this","module.talos.proxmox_virtual_environment_download_file.update","module.talos.talos_image_factory_schematic.this","module.talos.talos_image_factory_schematic.updated"]},{"index_key":"ctrl-02","schema_version":0,"attributes":{"acpi":true,"agent":[{"enabled":true,"timeout":"15m","trim":false,"type":"virtio"}],"amd_sev":[],"audio_device":[],"bios":"seabios","boot_order":["scsi0"],"cdrom":[],"clone":[],"cpu":[{"affinity":"","architecture":"","cores":4,"flags":[],"hotplugged":0,"limit":0,"numa":false,"sockets":1,"type":"host","units":1024}],"description":"Talos Control Plane","disk":[{"aio":"io_uring","backup":true,"cache":"writethrough","datastore_id":"local-lvm","discard":"on","file_format":"raw","file_id":"nfs-shared:iso/talos-53513e54bb39202f35694412577a6bc53d484744d35a126e5d42ef34785c0d83_v1.10.1-nocloud-amd64.img","interface":"scsi0","iothread":true,"path_in_datastore":"vm-8102-disk-0","replicate":true,"serial":"","size":40,"speed":[],"ssd":true}],"efi_disk":[],"hook_script_file_id":null,"hostpci":[],"id":"8102","initialization":[{"datastore_id":"local-lvm","dns":[{"domain":"","servers":["192.168.1.23"]}],"interface":"ide2","ip_config":[{"ipv4":[{"address":"192.168.1.61/24","gateway":"192.168.1.254"}],"ipv6":[]}],"meta_data_file_id":"","network_data_file_id":"","type":"","user_account":[],"user_data_file_id":"","vendor_data_file_id":""}],"ipv4_addresses":[["127.0.0.1","169.254.116.108"],[],[],[],[],[],[],["192.168.1.61","192.168.1.50"],[],["10.42.0.53"],[],[],[]],"ipv6_addresses":[["::1"],[],[],[],[],[],[],["2001:861:5e43:3240:be24:11ff:fe44:945c","fe80::be24:11ff:fe44:945c"],["fe80::24de:bff:fe5d:a01"],["fe80::d06d:3aff:fef3:d923"],["fe80::b08f:69ff:fe00:a23c"],["fe80::accb:45ff:fed9:b068"],["fe80::4460:a4ff:fe2f:5c9b"]],"keyboard_layout":"en-us","kvm_arguments":"","mac_addresses":["00:00:00:00:00:00","96:12:AC:8F:33:09","A2:EC:93:CD:EC:11","00:00:00:00:00:00","00:00:00:00:00:00","00:00:00:00:00:00","00:00:00:00:00:00","BC:24:11:44:94:5C","26:DE:0B:5D:0A:01","D2:6D:3A:F3:D9:23","B2:8F:69:00:A2:3C","AE:CB:45:D9:B0:68","46:60:A4:2F:5C:9B"],"machine":"q35","memory":[{"dedicated":4096,"floating":0,"hugepages":"","keep_hugepages":false,"shared":0}],"migrate":false,"name":"ctrl-02","network_device":[{"bridge":"vmbr0","disconnected":false,"enabled":true,"firewall":false,"mac_address":"bc:24:11:44:94:5c","model":"virtio","mtu":0,"queues":0,"rate_limit":0,"trunks":"","vlan_id":0}],"network_interface_names":["lo","bond0","dummy0","teql0","tunl0","sit0","ip6tnl0","eth0","cilium_net","cilium_host","lxc_health","lxc593cfd2d45d7","lxc4553c6cc1bf4"],"node_name":"pve-02","numa":[],"on_boot":true,"operating_system":[{"type":"l26"}],"pool_id":null,"protection":false,"reboot":false,"reboot_after_update":true,"rng":[],"scsi_hardware":"virtio-scsi-single","serial_device":[],"smbios":[],"started":true,"startup":[],"stop_on_destroy":false,"tablet_device":true,"tags":["control-plane","k8s"],"template":false,"timeout_clone":1800,"timeout_create":1800,"timeout_migrate":1800,"timeout_move_disk":1800,"timeout_reboot":1800,"timeout_shutdown_vm":1800,"timeout_start_vm":1800,"timeout_stop_vm":300,"tpm_state":[],"usb":[],"vga":[],"virtiofs":[],"vm_id":8102,"watchdog":[]},"sensitive_attributes":[],"private":"bnVsbA==","dependencies":["module.talos.proxmox_virtual_environment_download_file.this","module.talos.proxmox_virtual_environment_download_file.update","module.talos.talos_image_factory_schematic.this","module.talos.talos_image_factory_schematic.updated"]},{"index_key":"ctrl-03","schema_version":0,"attributes":{"acpi":true,"agent":[{"enabled":true,"timeout":"15m","trim":false,"type":"virtio"}],"amd_sev":[],"audio_device":[],"bios":"seabios","boot_order":["scsi0"],"cdrom":[],"clone":[],"cpu":[{"affinity":"","architecture":"","cores":4,"flags":[],"hotplugged":0,"limit":0,"numa":false,"sockets":1,"type":"host","units":1024}],"description":"Talos Control Plane","disk":[{"aio":"io_uring","backup":true,"cache":"writethrough","datastore_id":"local-lvm","discard":"on","file_format":"raw","file_id":"nfs-shared:iso/talos-53513e54bb39202f35694412577a6bc53d484744d35a126e5d42ef34785c0d83_v1.10.1-nocloud-amd64.img","interface":"scsi0","iothread":true,"path_in_datastore":"vm-8103-disk-0","replicate":true,"serial":"","size":40,"speed":[],"ssd":true}],"efi_disk":[],"hook_script_file_id":null,"hostpci":[],"id":"8103","initialization":[{"datastore_id":"local-lvm","dns":[{"domain":"","servers":["192.168.1.23"]}],"interface":"ide2","ip_config":[{"ipv4":[{"address":"192.168.1.62/24","gateway":"192.168.1.254"}],"ipv6":[]}],"meta_data_file_id":"","network_data_file_id":"","type":"","user_account":[],"user_data_file_id":"","vendor_data_file_id":""}],"ipv4_addresses":[["127.0.0.1","169.254.116.108"],[],[],[],[],[],[],["192.168.1.62"],[],["10.42.3.32"],[],[],[]],"ipv6_addresses":[["::1"],[],[],[],[],[],[],["2001:861:5e43:3240:be24:11ff:fe1e:1d2f","fe80::be24:11ff:fe1e:1d2f"],["fe80::341e:fdff:feca:27d9"],["fe80::287a:e9ff:fef4:1a7f"],["fe80::a404:eaff:fea1:d05b"],["fe80::7c83:8dff:fe26:a35c"],["fe80::786b:5fff:fe6f:99ff"]],"keyboard_layout":"en-us","kvm_arguments":"","mac_addresses":["00:00:00:00:00:00","26:B2:80:34:0C:00","B2:72:FD:83:87:2D","00:00:00:00:00:00","00:00:00:00:00:00","00:00:00:00:00:00","00:00:00:00:00:00","BC:24:11:1E:1D:2F","36:1E:FD:CA:27:D9","2A:7A:E9:F4:1A:7F","A6:04:EA:A1:D0:5B","7E:83:8D:26:A3:5C","7A:6B:5F:6F:99:FF"],"machine":"q35","memory":[{"dedicated":4096,"floating":0,"hugepages":"","keep_hugepages":false,"shared":0}],"migrate":false,"name":"ctrl-03","network_device":[{"bridge":"vmbr0","disconnected":false,"enabled":true,"firewall":false,"mac_address":"bc:24:11:1e:1d:2f","model":"virtio","mtu":0,"queues":0,"rate_limit":0,"trunks":"","vlan_id":0}],"network_interface_names":["lo","bond0","dummy0","teql0","tunl0","sit0","ip6tnl0","eth0","cilium_net","cilium_host","lxc_health","lxcda73f38b3516","lxcf72f9724c37d"],"node_name":"pve-03","numa":[],"on_boot":true,"operating_system":[{"type":"l26"}],"pool_id":null,"protection":false,"reboot":false,"reboot_after_update":true,"rng":[],"scsi_hardware":"virtio-scsi-single","serial_device":[],"smbios":[],"started":true,"startup":[],"stop_on_destroy":false,"tablet_device":true,"tags":["control-plane","k8s"],"template":false,"timeout_clone":1800,"timeout_create":1800,"timeout_migrate":1800,"timeout_move_disk":1800,"timeout_reboot":1800,"timeout_shutdown_vm":1800,"timeout_start_vm":1800,"timeout_stop_vm":300,"tpm_state":[],"usb":[],"vga":[],"virtiofs":[],"vm_id":8103,"watchdog":[]},"sensitive_attributes":[],"private":"bnVsbA==","dependencies":["module.talos.proxmox_virtual_environment_download_file.this","module.talos.proxmox_virtual_environment_download_file.update","module.talos.talos_image_factory_schematic.this","module.talos.talos_image_factory_schematic.updated"]},{"index_key":"work-01","schema_version":0,"attributes":{"acpi":true,"agent":[{"enabled":true,"timeout":"15m","trim":false,"type":"virtio"}],"amd_sev":[],"audio_device":[],"bios":"seabios","boot_order":["scsi0"],"cdrom":[],"clone":[],"cpu":[{"affinity":"","architecture":"","cores":6,"flags":[],"hotplugged":0,"limit":0,"numa":false,"sockets":1,"type":"host","units":1024}],"description":"Talos Worker","disk":[{"aio":"io_uring","backup":true,"cache":"writethrough","datastore_id":"local-lvm","discard":"on","file_format":"raw","file_id":"nfs-shared:iso/talos-53513e54bb39202f35694412577a6bc53d484744d35a126e5d42ef34785c0d83_v1.10.1-nocloud-amd64.img","interface":"scsi0","iothread":true,"path_in_datastore":"vm-8201-disk-1","replicate":true,"serial":"","size":40,"speed":[],"ssd":true},{"aio":"io_uring","backup":true,"cache":"writethrough","datastore_id":"local-lvm","discard":"on","file_format":"raw","file_id":"","interface":"scsi1","iothread":true,"path_in_datastore":"vm-8201-disk-0","replicate":true,"serial":"","size":150,"speed":[],"ssd":true}],"efi_disk":[],"hook_script_file_id":null,"hostpci":[],"id":"8201","initialization":[{"datastore_id":"local-lvm","dns":[{"domain":"","servers":["192.168.1.23"]}],"interface":"ide2","ip_config":[{"ipv4":[{"address":"192.168.1.71/24","gateway":"192.168.1.254"}],"ipv6":[]}],"meta_data_file_id":"","network_data_file_id":"","type":"","user_account":[],"user_data_file_id":"","vendor_data_file_id":""}],"ipv4_addresses":[["127.0.0.1","169.254.116.108"],[],[],[],[],[],[],["192.168.1.71"],[],["10.42.5.55"],[],[],[],[],[],[],[],[]],"ipv6_addresses":[["::1"],[],[],[],[],[],[],["2001:861:5e43:3240:be24:11ff:fe64:5bcb","fe80::be24:11ff:fe64:5bcb"],["fe80::e424:5dff:fe96:9042"],["fe80::74aa:20ff:fe71:a924"],["fe80::d036:d4ff:fead:6c45"],["fe80::ac3a:d9ff:fec3:7187"],["fe80::7c86:f8ff:fe47:7c41"],["fe80::4044:edff:fe7b:dcd7"],["fe80::cc45:7fff:fe93:e5db"],["fe80::4818:e6ff:fe08:a633"],["fe80::985f:95ff:fec6:ead4"],["fe80::bc3b:d8ff:fe8c:6336"]],"keyboard_layout":"en-us","kvm_arguments":"","mac_addresses":["00:00:00:00:00:00","86:74:1C:17:84:5F","9A:5C:4A:92:74:DC","00:00:00:00:00:00","00:00:00:00:00:00","00:00:00:00:00:00","00:00:00:00:00:00","BC:24:11:64:5B:CB","E6:24:5D:96:90:42","76:AA:20:71:A9:24","D2:36:D4:AD:6C:45","AE:3A:D9:C3:71:87","7E:86:F8:47:7C:41","42:44:ED:7B:DC:D7","CE:45:7F:93:E5:DB","4A:18:E6:08:A6:33","9A:5F:95:C6:EA:D4","BE:3B:D8:8C:63:36"],"machine":"q35","memory":[{"dedicated":10240,"floating":0,"hugepages":"","keep_hugepages":false,"shared":0}],"migrate":false,"name":"work-01","network_device":[{"bridge":"vmbr0","disconnected":false,"enabled":true,"firewall":false,"mac_address":"bc:24:11:64:5b:cb","model":"virtio","mtu":0,"queues":0,"rate_limit":0,"trunks":"","vlan_id":0}],"network_interface_names":["lo","bond0","dummy0","teql0","tunl0","sit0","ip6tnl0","eth0","cilium_net","cilium_host","lxc_health","lxc87ba00a0fdba","lxc610a3e66d7f3","lxc5fc4c02670c3","lxc00716ca5583b","lxc36f0a47f87d6","lxcfe68c97dd6ed","lxc3e2618f0ef17"],"node_name":"pve-01","numa":[],"on_boot":true,"operating_system":[{"type":"l26"}],"pool_id":null,"protection":false,"reboot":false,"reboot_after_update":true,"rng":[],"scsi_hardware":"virtio-scsi-single","serial_device":[],"smbios":[],"started":true,"startup":[],"stop_on_destroy":false,"tablet_device":true,"tags":["k8s","worker"],"template":false,"timeout_clone":1800,"timeout_create":1800,"timeout_migrate":1800,"timeout_move_disk":1800,"timeout_reboot":1800,"timeout_shutdown_vm":1800,"timeout_start_vm":1800,"timeout_stop_vm":300,"tpm_state":[],"usb":[],"vga":[],"virtiofs":[],"vm_id":8201,"watchdog":[]},"sensitive_attributes":[],"private":"bnVsbA==","dependencies":["module.talos.proxmox_virtual_environment_download_file.this","module.talos.proxmox_virtual_environment_download_file.update","module.talos.talos_image_factory_schematic.this","module.talos.talos_image_factory_schematic.updated"]},{"index_key":"work-02","schema_version":0,"attributes":{"acpi":true,"agent":[{"enabled":true,"timeout":"15m","trim":false,"type":"virtio"}],"amd_sev":[],"audio_device":[],"bios":"seabios","boot_order":["scsi0"],"cdrom":[],"clone":[],"cpu":[{"affinity":"","architecture":"","cores":4,"flags":[],"hotplugged":0,"limit":0,"numa":false,"sockets":1,"type":"host","units":1024}],"description":"Talos Worker","disk":[{"aio":"io_uring","backup":true,"cache":"writethrough","datastore_id":"local-lvm","discard":"on","file_format":"raw","file_id":"nfs-shared:iso/talos-53513e54bb39202f35694412577a6bc53d484744d35a126e5d42ef34785c0d83_v1.10.1-nocloud-amd64.img","interface":"scsi0","iothread":true,"path_in_datastore":"vm-8202-disk-1","replicate":true,"serial":"","size":40,"speed":[],"ssd":true},{"aio":"io_uring","backup":true,"cache":"writethrough","datastore_id":"local-lvm","discard":"on","file_format":"raw","file_id":"","interface":"scsi1","iothread":true,"path_in_datastore":"vm-8202-disk-0","replicate":true,"serial":"","size":150,"speed":[],"ssd":true}],"efi_disk":[],"hook_script_file_id":null,"hostpci":[],"id":"8202","initialization":[{"datastore_id":"local-lvm","dns":[{"domain":"","servers":["192.168.1.23"]}],"interface":"ide2","ip_config":[{"ipv4":[{"address":"192.168.1.72/24","gateway":"192.168.1.254"}],"ipv6":[]}],"meta_data_file_id":"","network_data_file_id":"","type":"","user_account":[],"user_data_file_id":"","vendor_data_file_id":""}],"ipv4_addresses":[["127.0.0.1","169.254.116.108"],[],[],[],[],[],[],["192.168.1.72"],[],["10.42.2.93"],[],[],[],[],[],[],[],[],[],[]],"ipv6_addresses":[["::1"],[],[],[],[],[],[],["2001:861:5e43:3240:be24:11ff:fec9:22c3","fe80::be24:11ff:fec9:22c3"],["fe80::d049:d1ff:fe98:65f6"],["fe80::2c8d:1fff:fe03:deca"],["fe80::d8d5:61ff:fe2d:dfb9"],["fe80::ac82:83ff:fe88:2fc5"],["fe80::871:72ff:fee7:175e"],["fe80::a0f8:f0ff:fe2e:2e09"],["fe80::3416:83ff:fe37:5a4f"],["fe80::4c4c:29ff:fe8b:7a85"],["fe80::709b:6ff:fea9:1652"],["fe80::6c93:4cff:fea4:3189"],["fe80::c052:7eff:feb6:80cd"],["fe80::1868:f6ff:fe81:1b6f"]],"keyboard_layout":"en-us","kvm_arguments":"","mac_addresses":["00:00:00:00:00:00","9A:1A:0D:82:25:83","96:D8:F7:44:5E:CA","00:00:00:00:00:00","00:00:00:00:00:00","00:00:00:00:00:00","00:00:00:00:00:00","BC:24:11:C9:22:C3","D2:49:D1:98:65:F6","2E:8D:1F:03:DE:CA","DA:D5:61:2D:DF:B9","AE:82:83:88:2F:C5","0A:71:72:E7:17:5E","A2:F8:F0:2E:2E:09","36:16:83:37:5A:4F","4E:4C:29:8B:7A:85","72:9B:06:A9:16:52","6E:93:4C:A4:31:89","C2:52:7E:B6:80:CD","1A:68:F6:81:1B:6F"],"machine":"q35","memory":[{"dedicated":16384,"floating":0,"hugepages":"","keep_hugepages":false,"shared":0}],"migrate":false,"name":"work-02","network_device":[{"bridge":"vmbr0","disconnected":false,"enabled":true,"firewall":false,"mac_address":"bc:24:11:c9:22:c3","model":"virtio","mtu":0,"queues":0,"rate_limit":0,"trunks":"","vlan_id":0}],"network_interface_names":["lo","bond0","dummy0","teql0","tunl0","sit0","ip6tnl0","eth0","cilium_net","cilium_host","lxc_health","lxcc44b87b13897","lxca6a27bca2fb9","lxcb1243a3da81d","lxce903a1ca7229","lxcb3d4db5c67e2","lxc352de746b5a0","lxca34876453011","lxc67b322e9721e","lxc120febdca5bf"],"node_name":"pve-02","numa":[],"on_boot":true,"operating_system":[{"type":"l26"}],"pool_id":null,"protection":false,"reboot":false,"reboot_after_update":true,"rng":[],"scsi_hardware":"virtio-scsi-single","serial_device":[],"smbios":[],"started":true,"startup":[],"stop_on_destroy":false,"tablet_device":true,"tags":["k8s","worker"],"template":false,"timeout_clone":1800,"timeout_create":1800,"timeout_migrate":1800,"timeout_move_disk":1800,"timeout_reboot":1800,"timeout_shutdown_vm":1800,"timeout_start_vm":1800,"timeout_stop_vm":300,"tpm_state":[],"usb":[],"vga":[],"virtiofs":[],"vm_id":8202,"watchdog":[]},"sensitive_attributes":[],"private":"bnVsbA==","dependencies":["module.talos.proxmox_virtual_environment_download_file.this","module.talos.proxmox_virtual_environment_download_file.update","module.talos.talos_image_factory_schematic.this","module.talos.talos_image_factory_schematic.updated"]},{"index_key":"work-03","schema_version":0,"attributes":{"acpi":true,"agent":[{"enabled":true,"timeout":"15m","trim":false,"type":"virtio"}],"amd_sev":[],"audio_device":[],"bios":"seabios","boot_order":["scsi0"],"cdrom":[],"clone":[],"cpu":[{"affinity":"","architecture":"","cores":4,"flags":[],"hotplugged":0,"limit":0,"numa":false,"sockets":1,"type":"host","units":1024}],"description":"Talos Worker","disk":[{"aio":"io_uring","backup":true,"cache":"writethrough","datastore_id":"local-lvm","discard":"on","file_format":"raw","file_id":"nfs-shared:iso/talos-53513e54bb39202f35694412577a6bc53d484744d35a126e5d42ef34785c0d83_v1.10.1-nocloud-amd64.img","interface":"scsi0","iothread":true,"path_in_datastore":"vm-8203-disk-1","replicate":true,"serial":"","size":40,"speed":[],"ssd":true},{"aio":"io_uring","backup":true,"cache":"writethrough","datastore_id":"local-lvm","discard":"on","file_format":"raw","file_id":"","interface":"scsi1","iothread":true,"path_in_datastore":"vm-8203-disk-0","replicate":true,"serial":"","size":150,"speed":[],"ssd":true}],"efi_disk":[],"hook_script_file_id":null,"hostpci":[],"id":"8203","initialization":[{"datastore_id":"local-lvm","dns":[{"domain":"","servers":["192.168.1.23"]}],"interface":"ide2","ip_config":[{"ipv4":[{"address":"192.168.1.73/24","gateway":"192.168.1.254"}],"ipv6":[]}],"meta_data_file_id":"","network_data_file_id":"","type":"","user_account":[],"user_data_file_id":"","vendor_data_file_id":""}],"ipv4_addresses":[["127.0.0.1","169.254.116.108"],[],[],[],[],[],[],["192.168.1.73"],[],["10.42.1.123"],[],[],[],[],[],[],[],[],[],[]],"ipv6_addresses":[["::1"],[],[],[],[],[],[],["2001:861:5e43:3240:be24:11ff:fe6f:2003","fe80::be24:11ff:fe6f:2003"],["fe80::fce2:a9ff:fe00:7c24"],["fe80::8cf9:1dff:feeb:ad58"],["fe80::706b:b0ff:fe93:867d"],["fe80::a8e9:e8ff:feba:f9be"],["fe80::3072:47ff:fe26:41f6"],["fe80::dc64:a7ff:fe26:f5d3"],["fe80::dc9a:cbff:fe53:d7f"],["fe80::60f2:2ff:fed7:c902"],["fe80::d4b2:9bff:fedd:b23"],["fe80::5057:85ff:fef8:a016"],["fe80::6871:18ff:fec7:bd6e"],["fe80::a439:75ff:fe72:31cc"]],"keyboard_layout":"en-us","kvm_arguments":"","mac_addresses":["00:00:00:00:00:00","A2:89:EF:3A:3C:29","A2:70:06:EA:BB:BA","00:00:00:00:00:00","00:00:00:00:00:00","00:00:00:00:00:00","00:00:00:00:00:00","BC:24:11:6F:20:03","FE:E2:A9:00:7C:24","8E:F9:1D:EB:AD:58","72:6B:B0:93:86:7D","AA:E9:E8:BA:F9:BE","32:72:47:26:41:F6","DE:64:A7:26:F5:D3","DE:9A:CB:53:0D:7F","62:F2:02:D7:C9:02","D6:B2:9B:DD:0B:23","52:57:85:F8:A0:16","6A:71:18:C7:BD:6E","A6:39:75:72:31:CC"],"machine":"q35","memory":[{"dedicated":16384,"floating":0,"hugepages":"","keep_hugepages":false,"shared":0}],"migrate":false,"name":"work-03","network_device":[{"bridge":"vmbr0","disconnected":false,"enabled":true,"firewall":false,"mac_address":"bc:24:11:6f:20:03","model":"virtio","mtu":0,"queues":0,"rate_limit":0,"trunks":"","vlan_id":0}],"network_interface_names":["lo","bond0","dummy0","teql0","tunl0","sit0","ip6tnl0","eth0","cilium_net","cilium_host","lxc_health","lxc548eb23055f3","lxc26b82c5b8f5e","lxc5d72f00b21ce","lxcd88a58b5ed2f","lxca0884f8f1357","lxc591b315e2a5c","lxc1de3fbc4305a","lxc0e2c04d46a34","lxc78d7a02e1365"],"node_name":"pve-03","numa":[],"on_boot":true,"operating_system":[{"type":"l26"}],"pool_id":null,"protection":false,"reboot":false,"reboot_after_update":true,"rng":[],"scsi_hardware":"virtio-scsi-single","serial_device":[],"smbios":[],"started":true,"startup":[],"stop_on_destroy":false,"tablet_device":true,"tags":["k8s","worker"],"template":false,"timeout_clone":1800,"timeout_create":1800,"timeout_migrate":1800,"timeout_move_disk":1800,"timeout_reboot":1800,"timeout_shutdown_vm":1800,"timeout_start_vm":1800,"timeout_stop_vm":300,"tpm_state":[],"usb":[],"vga":[],"virtiofs":[],"vm_id":8203,"watchdog":[]},"sensitive_attributes":[],"private":"bnVsbA==","dependencies":["module.talos.proxmox_virtual_environment_download_file.this","module.talos.proxmox_virtual_environment_download_file.update","module.talos.talos_image_factory_schematic.this","module.talos.talos_image_factory_schematic.updated"]}]},{"module":"module.talos","mode":"managed","type":"talos_image_factory_schematic","name":"this","provider":"provider[\"registry.opentofu.org/siderolabs/talos\"]","instances":[{"schema_version":0,"attributes":{"id":"53513e54bb39202f35694412577a6bc53d484744d35a126e5d42ef34785c0d83","schematic":"customization:\n  systemExtensions:\n    officialExtensions:\n      - siderolabs/qemu-guest-agent\n      - siderolabs/iscsi-tools\n      - siderolabs/util-linux-tools\n"},"sensitive_attributes":[]}]}],"check_results":[{"object_kind":"var","config_addr":"var.nodes","status":"pass","objects":[{"object_addr":"var.nodes","status":"pass"}]}]}
