{"version":4,"terraform_version":"1.9.1","serial":22,"lineage":"28284f48-7282-4a73-26d4-37a89364b42a","outputs":{},"resources":[{"module":"module.talos","mode":"managed","type":"local_file","name":"nodes_yaml","provider":"provider[\"registry.opentofu.org/hashicorp/local\"]","instances":[{"schema_version":0,"attributes":{"content":"---\nnodes:\n  - name: \"ctrl-01\"\n    address: \"192.168.1.60\"\n    controller: true\n    disk: \"/dev/sda\"\n    mac_addr: bc:24:11:e6:ba:07\n    schematic_id: 53513e54bb39202f35694412577a6bc53d484744d35a126e5d42ef34785c0d83\n    mtu: 1500\n    secureboot: false\n    encrypt_disk: false\n  - name: \"ctrl-02\"\n    address: \"192.168.1.61\"\n    controller: true\n    disk: \"/dev/sda\"\n    mac_addr: bc:24:11:44:94:5c\n    schematic_id: 53513e54bb39202f35694412577a6bc53d484744d35a126e5d42ef34785c0d83\n    mtu: 1500\n    secureboot: false\n    encrypt_disk: false\n  - name: \"ctrl-03\"\n    address: \"192.168.1.62\"\n    controller: true\n    disk: \"/dev/sda\"\n    mac_addr: bc:24:11:1e:1d:2f\n    schematic_id: 53513e54bb39202f35694412577a6bc53d484744d35a126e5d42ef34785c0d83\n    mtu: 1500\n    secureboot: false\n    encrypt_disk: false\n  - name: \"work-01\"\n    address: \"192.168.1.71\"\n    controller: false\n    disk: \"/dev/sda\"\n    mac_addr: bc:24:11:64:5b:cb\n    schematic_id: 53513e54bb39202f35694412577a6bc53d484744d35a126e5d42ef34785c0d83\n    mtu: 1500\n    secureboot: false\n    encrypt_disk: false\n  - name: \"work-02\"\n    address: \"192.168.1.72\"\n    controller: false\n    disk: \"/dev/sda\"\n    mac_addr: bc:24:11:c9:22:c3\n    schematic_id: 53513e54bb39202f35694412577a6bc53d484744d35a126e5d42ef34785c0d83\n    mtu: 1500\n    secureboot: false\n    encrypt_disk: false\n  - name: \"work-03\"\n    address: \"192.168.1.73\"\n    controller: false\n    disk: \"/dev/sda\"\n    mac_addr: bc:24:11:6f:20:03\n    schematic_id: 53513e54bb39202f35694412577a6bc53d484744d35a126e5d42ef34785c0d83\n    mtu: 1500\n    secureboot: false\n    encrypt_disk: false\n\n","content_base64":null,"content_base64sha256":"FfTk1qIgh5MVbFiKbWu+4lu1Cp/XvUSNlI2Os3RGi3I=","content_base64sha512":"9EV7KpAMwY6NFPwj0WP0lwTUdIFExbqHhVAOBb2B0Nr3UJ8VUYkoJB/ydmjsjwW5AY/eRs/m2OrjQhNm0u8rVA==","content_md5":"29f1e3f6fc229327111058ac09eeba27","content_sha1":"b270e42cc29be50463c9bc7d99f3e170d8d1e642","content_sha256":"15f4e4d6a2208793156c588a6d6bbee25bb50a9fd7bd448d948d8eb374468b72","content_sha512":"f4457b2a900cc18e8d14fc23d163f49704d4748144c5ba8785500e05bd81d0daf7509f15518928241ff27668ec8f05b9018fde46cfe6d8eae3421366d2ef2b54","directory_permission":"0777","file_permission":"0777","filename":"talos/../../nodes.yaml","id":"b270e42cc29be50463c9bc7d99f3e170d8d1e642","sensitive_content":null,"source":null},"sensitive_attributes":[[{"type":"get_attr","value":"sensitive_content"}]],"dependencies":["module.talos.talos_image_factory_schematic.this"]}]},{"module":"module.talos","mode":"managed","type":"proxmox_virtual_environment_download_file","name":"this","provider":"provider[\"registry.opentofu.org/bpg/proxmox\"]","instances":[{"schema_version":0,"attributes":{"checksum":null,"checksum_algorithm":null,"content_type":"iso","datastore_id":"nfs-shared","decompression_algorithm":"gz","file_name":"talos-53513e54bb39202f35694412577a6bc53d484744d35a126e5d42ef34785c0d83_v1.10.1-nocloud-amd64.img","id":"nfs-shared:iso/talos-53513e54bb39202f35694412577a6bc53d484744d35a126e5d42ef34785c0d83_v1.10.1-nocloud-amd64.img","node_name":"pve-01","overwrite":false,"overwrite_unmanaged":false,"size":2356150272,"upload_timeout":600,"url":"https://factory.talos.dev/image/53513e54bb39202f35694412577a6bc53d484744d35a126e5d42ef34785c0d83/v1.10.1/nocloud-amd64.raw.gz","verify":true},"sensitive_attributes":[],"private":"eyJvcmlnaW5hbF9zdGF0ZV9zaXplIjoiTWpNMU5qRTFNREkzTWc9PSJ9","dependencies":["module.talos.talos_image_factory_schematic.this"]}]},{"module":"module.talos","mode":"managed","type":"proxmox_virtual_environment_download_file","name":"update","provider":"provider[\"registry.opentofu.org/bpg/proxmox\"]","instances":[]},{"module":"module.talos","mode":"managed","type":"proxmox_virtual_environment_vm","name":"this","provider":"provider[\"registry.opentofu.org/bpg/proxmox\"]","instances":[{"index_key":"ctrl-01","status":"tainted","schema_version":0,"attributes":{"acpi":true,"agent":[{"enabled":true,"timeout":"15m","trim":false,"type":"virtio"}],"amd_sev":[],"audio_device":[],"bios":"seabios","boot_order":["scsi0"],"cdrom":[],"clone":[],"cpu":[{"affinity":"","architecture":"","cores":4,"flags":null,"hotplugged":0,"limit":0,"numa":false,"sockets":1,"type":"host","units":1024}],"description":"Talos Control Plane","disk":[{"aio":"io_uring","backup":true,"cache":"writethrough","datastore_id":"local-lvm","discard":"on","file_format":"raw","file_id":"nfs-shared:iso/talos-53513e54bb39202f35694412577a6bc53d484744d35a126e5d42ef34785c0d83_v1.10.1-nocloud-amd64.img","interface":"scsi0","iothread":true,"path_in_datastore":"","replicate":true,"serial":"","size":40,"speed":[],"ssd":true}],"efi_disk":[],"hook_script_file_id":null,"hostpci":[],"id":"8101","initialization":[{"datastore_id":"local-lvm","dns":[{"domain":"","servers":["192.168.1.23"]}],"interface":"","ip_config":[{"ipv4":[{"address":"192.168.1.60/24","gateway":"192.168.1.254"}],"ipv6":[]}],"meta_data_file_id":"","network_data_file_id":"","type":"","user_account":[],"user_data_file_id":"","vendor_data_file_id":""}],"ipv4_addresses":null,"ipv6_addresses":null,"keyboard_layout":"en-us","kvm_arguments":null,"mac_addresses":null,"machine":"q35","memory":[{"dedicated":4096,"floating":0,"hugepages":"","keep_hugepages":false,"shared":0}],"migrate":false,"name":"ctrl-01","network_device":[{"bridge":"vmbr0","disconnected":false,"enabled":true,"firewall":false,"mac_address":"bc:24:11:e6:ba:07","model":"virtio","mtu":0,"queues":0,"rate_limit":0,"trunks":"","vlan_id":0}],"network_interface_names":null,"node_name":"pve-01","numa":[],"on_boot":true,"operating_system":[{"type":"l26"}],"pool_id":null,"protection":false,"reboot":false,"reboot_after_update":true,"rng":[],"scsi_hardware":"virtio-scsi-single","serial_device":[],"smbios":[],"started":true,"startup":[],"stop_on_destroy":false,"tablet_device":true,"tags":["k8s","control-plane"],"template":false,"timeout_clone":1800,"timeout_create":1800,"timeout_migrate":1800,"timeout_move_disk":1800,"timeout_reboot":1800,"timeout_shutdown_vm":1800,"timeout_start_vm":1800,"timeout_stop_vm":300,"tpm_state":[],"usb":[],"vga":null,"virtiofs":[],"vm_id":8101,"watchdog":[]},"sensitive_attributes":[],"private":"bnVsbA==","dependencies":["module.talos.proxmox_virtual_environment_download_file.this","module.talos.proxmox_virtual_environment_download_file.update","module.talos.talos_image_factory_schematic.this","module.talos.talos_image_factory_schematic.updated"]},{"index_key":"ctrl-02","schema_version":0,"attributes":{"acpi":true,"agent":[{"enabled":true,"timeout":"15m","trim":false,"type":"virtio"}],"amd_sev":[],"audio_device":[],"bios":"seabios","boot_order":["scsi0"],"cdrom":[],"clone":[],"cpu":[{"affinity":"","architecture":"","cores":4,"flags":null,"hotplugged":0,"limit":0,"numa":false,"sockets":1,"type":"host","units":1024}],"description":"Talos Control Plane","disk":[{"aio":"io_uring","backup":true,"cache":"writethrough","datastore_id":"local-lvm","discard":"on","file_format":"raw","file_id":"nfs-shared:iso/talos-53513e54bb39202f35694412577a6bc53d484744d35a126e5d42ef34785c0d83_v1.10.1-nocloud-amd64.img","interface":"scsi0","iothread":true,"path_in_datastore":"vm-8102-disk-0","replicate":true,"serial":"","size":40,"speed":[],"ssd":true}],"efi_disk":[],"hook_script_file_id":null,"hostpci":[],"id":"8102","initialization":[{"datastore_id":"local-lvm","dns":[{"domain":"","servers":["192.168.1.23"]}],"interface":"ide2","ip_config":[{"ipv4":[{"address":"192.168.1.61/24","gateway":"192.168.1.254"}],"ipv6":[]}],"meta_data_file_id":"","network_data_file_id":"","type":"","user_account":[],"user_data_file_id":"","vendor_data_file_id":""}],"ipv4_addresses":[["127.0.0.1"],[],[],[],[],[],[],["192.168.1.61"]],"ipv6_addresses":[["::1"],[],[],[],[],[],[],["fe80::be24:11ff:fe44:945c"]],"keyboard_layout":"en-us","kvm_arguments":"","mac_addresses":["00:00:00:00:00:00","7A:24:B3:16:42:63","9A:86:0F:EF:39:4A","00:00:00:00:00:00","00:00:00:00:00:00","00:00:00:00:00:00","00:00:00:00:00:00","BC:24:11:44:94:5C"],"machine":"q35","memory":[{"dedicated":4096,"floating":0,"hugepages":"","keep_hugepages":false,"shared":0}],"migrate":false,"name":"ctrl-02","network_device":[{"bridge":"vmbr0","disconnected":false,"enabled":true,"firewall":false,"mac_address":"bc:24:11:44:94:5c","model":"virtio","mtu":0,"queues":0,"rate_limit":0,"trunks":"","vlan_id":0}],"network_interface_names":["lo","bond0","dummy0","teql0","tunl0","sit0","ip6tnl0","eth0"],"node_name":"pve-02","numa":[],"on_boot":true,"operating_system":[{"type":"l26"}],"pool_id":null,"protection":false,"reboot":false,"reboot_after_update":true,"rng":[],"scsi_hardware":"virtio-scsi-single","serial_device":[],"smbios":[],"started":true,"startup":[],"stop_on_destroy":false,"tablet_device":true,"tags":["control-plane","k8s"],"template":false,"timeout_clone":1800,"timeout_create":1800,"timeout_migrate":1800,"timeout_move_disk":1800,"timeout_reboot":1800,"timeout_shutdown_vm":1800,"timeout_start_vm":1800,"timeout_stop_vm":300,"tpm_state":[],"usb":[],"vga":[],"virtiofs":[],"vm_id":8102,"watchdog":[]},"sensitive_attributes":[],"private":"bnVsbA==","dependencies":["module.talos.proxmox_virtual_environment_download_file.this","module.talos.proxmox_virtual_environment_download_file.update","module.talos.talos_image_factory_schematic.this","module.talos.talos_image_factory_schematic.updated"]},{"index_key":"ctrl-03","schema_version":0,"attributes":{"acpi":true,"agent":[{"enabled":true,"timeout":"15m","trim":false,"type":"virtio"}],"amd_sev":[],"audio_device":[],"bios":"seabios","boot_order":["scsi0"],"cdrom":[],"clone":[],"cpu":[{"affinity":"","architecture":"","cores":4,"flags":null,"hotplugged":0,"limit":0,"numa":false,"sockets":1,"type":"host","units":1024}],"description":"Talos Control Plane","disk":[{"aio":"io_uring","backup":true,"cache":"writethrough","datastore_id":"local-lvm","discard":"on","file_format":"raw","file_id":"nfs-shared:iso/talos-53513e54bb39202f35694412577a6bc53d484744d35a126e5d42ef34785c0d83_v1.10.1-nocloud-amd64.img","interface":"scsi0","iothread":true,"path_in_datastore":"vm-8103-disk-0","replicate":true,"serial":"","size":40,"speed":[],"ssd":true}],"efi_disk":[],"hook_script_file_id":null,"hostpci":[],"id":"8103","initialization":[{"datastore_id":"local-lvm","dns":[{"domain":"","servers":["192.168.1.23"]}],"interface":"ide2","ip_config":[{"ipv4":[{"address":"192.168.1.62/24","gateway":"192.168.1.254"}],"ipv6":[]}],"meta_data_file_id":"","network_data_file_id":"","type":"","user_account":[],"user_data_file_id":"","vendor_data_file_id":""}],"ipv4_addresses":[["127.0.0.1"],[],[],[],[],[],[],["192.168.1.62"]],"ipv6_addresses":[["::1"],[],[],[],[],[],[],["2001:861:5e43:3240:be24:11ff:fe1e:1d2f","fe80::be24:11ff:fe1e:1d2f"]],"keyboard_layout":"en-us","kvm_arguments":"","mac_addresses":["00:00:00:00:00:00","7E:B6:5C:A3:31:27","86:C4:3A:9F:BD:B4","00:00:00:00:00:00","00:00:00:00:00:00","00:00:00:00:00:00","00:00:00:00:00:00","BC:24:11:1E:1D:2F"],"machine":"q35","memory":[{"dedicated":4096,"floating":0,"hugepages":"","keep_hugepages":false,"shared":0}],"migrate":false,"name":"ctrl-03","network_device":[{"bridge":"vmbr0","disconnected":false,"enabled":true,"firewall":false,"mac_address":"bc:24:11:1e:1d:2f","model":"virtio","mtu":0,"queues":0,"rate_limit":0,"trunks":"","vlan_id":0}],"network_interface_names":["lo","bond0","dummy0","teql0","tunl0","sit0","ip6tnl0","eth0"],"node_name":"pve-03","numa":[],"on_boot":true,"operating_system":[{"type":"l26"}],"pool_id":null,"protection":false,"reboot":false,"reboot_after_update":true,"rng":[],"scsi_hardware":"virtio-scsi-single","serial_device":[],"smbios":[],"started":true,"startup":[],"stop_on_destroy":false,"tablet_device":true,"tags":["control-plane","k8s"],"template":false,"timeout_clone":1800,"timeout_create":1800,"timeout_migrate":1800,"timeout_move_disk":1800,"timeout_reboot":1800,"timeout_shutdown_vm":1800,"timeout_start_vm":1800,"timeout_stop_vm":300,"tpm_state":[],"usb":[],"vga":[],"virtiofs":[],"vm_id":8103,"watchdog":[]},"sensitive_attributes":[],"private":"bnVsbA==","dependencies":["module.talos.proxmox_virtual_environment_download_file.this","module.talos.proxmox_virtual_environment_download_file.update","module.talos.talos_image_factory_schematic.this","module.talos.talos_image_factory_schematic.updated"]},{"index_key":"work-01","status":"tainted","schema_version":0,"attributes":{"acpi":true,"agent":[{"enabled":true,"timeout":"15m","trim":false,"type":"virtio"}],"amd_sev":[],"audio_device":[],"bios":"seabios","boot_order":["scsi0"],"cdrom":[],"clone":[],"cpu":[{"affinity":"","architecture":"","cores":6,"flags":null,"hotplugged":0,"limit":0,"numa":false,"sockets":1,"type":"host","units":1024}],"description":"Talos Worker","disk":[{"aio":"io_uring","backup":true,"cache":"writethrough","datastore_id":"local-lvm","discard":"on","file_format":"raw","file_id":"nfs-shared:iso/talos-53513e54bb39202f35694412577a6bc53d484744d35a126e5d42ef34785c0d83_v1.10.1-nocloud-amd64.img","interface":"scsi0","iothread":true,"path_in_datastore":"","replicate":true,"serial":"","size":40,"speed":[],"ssd":true},{"aio":"io_uring","backup":true,"cache":"writethrough","datastore_id":"local-lvm","discard":"on","file_format":"raw","file_id":"","interface":"scsi1","iothread":true,"path_in_datastore":"","replicate":true,"serial":"","size":180,"speed":[],"ssd":true}],"efi_disk":[],"hook_script_file_id":null,"hostpci":[],"id":"8201","initialization":[{"datastore_id":"local-lvm","dns":[{"domain":"","servers":["192.168.1.23"]}],"interface":"","ip_config":[{"ipv4":[{"address":"192.168.1.71/24","gateway":"192.168.1.254"}],"ipv6":[]}],"meta_data_file_id":"","network_data_file_id":"","type":"","user_account":[],"user_data_file_id":"","vendor_data_file_id":""}],"ipv4_addresses":null,"ipv6_addresses":null,"keyboard_layout":"en-us","kvm_arguments":null,"mac_addresses":null,"machine":"q35","memory":[{"dedicated":10240,"floating":0,"hugepages":"","keep_hugepages":false,"shared":0}],"migrate":false,"name":"work-01","network_device":[{"bridge":"vmbr0","disconnected":false,"enabled":true,"firewall":false,"mac_address":"bc:24:11:64:5b:cb","model":"virtio","mtu":0,"queues":0,"rate_limit":0,"trunks":"","vlan_id":0}],"network_interface_names":null,"node_name":"pve-01","numa":[],"on_boot":true,"operating_system":[{"type":"l26"}],"pool_id":null,"protection":false,"reboot":false,"reboot_after_update":true,"rng":[],"scsi_hardware":"virtio-scsi-single","serial_device":[],"smbios":[],"started":true,"startup":[],"stop_on_destroy":false,"tablet_device":true,"tags":["k8s","worker"],"template":false,"timeout_clone":1800,"timeout_create":1800,"timeout_migrate":1800,"timeout_move_disk":1800,"timeout_reboot":1800,"timeout_shutdown_vm":1800,"timeout_start_vm":1800,"timeout_stop_vm":300,"tpm_state":[],"usb":[],"vga":null,"virtiofs":[],"vm_id":8201,"watchdog":[]},"sensitive_attributes":[],"private":"bnVsbA==","dependencies":["module.talos.proxmox_virtual_environment_download_file.this","module.talos.proxmox_virtual_environment_download_file.update","module.talos.talos_image_factory_schematic.this","module.talos.talos_image_factory_schematic.updated"]},{"index_key":"work-02","schema_version":0,"attributes":{"acpi":true,"agent":[{"enabled":true,"timeout":"15m","trim":false,"type":"virtio"}],"amd_sev":[],"audio_device":[],"bios":"seabios","boot_order":["scsi0"],"cdrom":[],"clone":[],"cpu":[{"affinity":"","architecture":"","cores":4,"flags":null,"hotplugged":0,"limit":0,"numa":false,"sockets":1,"type":"host","units":1024}],"description":"Talos Worker","disk":[{"aio":"io_uring","backup":true,"cache":"writethrough","datastore_id":"local-lvm","discard":"on","file_format":"raw","file_id":"nfs-shared:iso/talos-53513e54bb39202f35694412577a6bc53d484744d35a126e5d42ef34785c0d83_v1.10.1-nocloud-amd64.img","interface":"scsi0","iothread":true,"path_in_datastore":"vm-8202-disk-1","replicate":true,"serial":"","size":40,"speed":[],"ssd":true},{"aio":"io_uring","backup":true,"cache":"writethrough","datastore_id":"local-lvm","discard":"on","file_format":"raw","file_id":"","interface":"scsi1","iothread":true,"path_in_datastore":"vm-8202-disk-0","replicate":true,"serial":"","size":180,"speed":[],"ssd":true}],"efi_disk":[],"hook_script_file_id":null,"hostpci":[],"id":"8202","initialization":[{"datastore_id":"local-lvm","dns":[{"domain":"","servers":["192.168.1.23"]}],"interface":"ide2","ip_config":[{"ipv4":[{"address":"192.168.1.72/24","gateway":"192.168.1.254"}],"ipv6":[]}],"meta_data_file_id":"","network_data_file_id":"","type":"","user_account":[],"user_data_file_id":"","vendor_data_file_id":""}],"ipv4_addresses":[["127.0.0.1"],[],[],[],[],[],[],["192.168.1.72"]],"ipv6_addresses":[["::1"],[],[],[],[],[],[],["2001:861:5e43:3240:be24:11ff:fec9:22c3","fe80::be24:11ff:fec9:22c3"]],"keyboard_layout":"en-us","kvm_arguments":"","mac_addresses":["00:00:00:00:00:00","9E:E6:68:7E:26:7B","E6:C6:86:0F:43:2D","00:00:00:00:00:00","00:00:00:00:00:00","00:00:00:00:00:00","00:00:00:00:00:00","BC:24:11:C9:22:C3"],"machine":"q35","memory":[{"dedicated":16384,"floating":0,"hugepages":"","keep_hugepages":false,"shared":0}],"migrate":false,"name":"work-02","network_device":[{"bridge":"vmbr0","disconnected":false,"enabled":true,"firewall":false,"mac_address":"bc:24:11:c9:22:c3","model":"virtio","mtu":0,"queues":0,"rate_limit":0,"trunks":"","vlan_id":0}],"network_interface_names":["lo","bond0","dummy0","teql0","tunl0","sit0","ip6tnl0","eth0"],"node_name":"pve-02","numa":[],"on_boot":true,"operating_system":[{"type":"l26"}],"pool_id":null,"protection":false,"reboot":false,"reboot_after_update":true,"rng":[],"scsi_hardware":"virtio-scsi-single","serial_device":[],"smbios":[],"started":true,"startup":[],"stop_on_destroy":false,"tablet_device":true,"tags":["k8s","worker"],"template":false,"timeout_clone":1800,"timeout_create":1800,"timeout_migrate":1800,"timeout_move_disk":1800,"timeout_reboot":1800,"timeout_shutdown_vm":1800,"timeout_start_vm":1800,"timeout_stop_vm":300,"tpm_state":[],"usb":[],"vga":[],"virtiofs":[],"vm_id":8202,"watchdog":[]},"sensitive_attributes":[],"private":"bnVsbA==","dependencies":["module.talos.proxmox_virtual_environment_download_file.this","module.talos.proxmox_virtual_environment_download_file.update","module.talos.talos_image_factory_schematic.this","module.talos.talos_image_factory_schematic.updated"]},{"index_key":"work-03","schema_version":0,"attributes":{"acpi":true,"agent":[{"enabled":true,"timeout":"15m","trim":false,"type":"virtio"}],"amd_sev":[],"audio_device":[],"bios":"seabios","boot_order":["scsi0"],"cdrom":[],"clone":[],"cpu":[{"affinity":"","architecture":"","cores":4,"flags":null,"hotplugged":0,"limit":0,"numa":false,"sockets":1,"type":"host","units":1024}],"description":"Talos Worker","disk":[{"aio":"io_uring","backup":true,"cache":"writethrough","datastore_id":"local-lvm","discard":"on","file_format":"raw","file_id":"nfs-shared:iso/talos-53513e54bb39202f35694412577a6bc53d484744d35a126e5d42ef34785c0d83_v1.10.1-nocloud-amd64.img","interface":"scsi0","iothread":true,"path_in_datastore":"vm-8203-disk-1","replicate":true,"serial":"","size":40,"speed":[],"ssd":true},{"aio":"io_uring","backup":true,"cache":"writethrough","datastore_id":"local-lvm","discard":"on","file_format":"raw","file_id":"","interface":"scsi1","iothread":true,"path_in_datastore":"vm-8203-disk-0","replicate":true,"serial":"","size":180,"speed":[],"ssd":true}],"efi_disk":[],"hook_script_file_id":null,"hostpci":[],"id":"8203","initialization":[{"datastore_id":"local-lvm","dns":[{"domain":"","servers":["192.168.1.23"]}],"interface":"ide2","ip_config":[{"ipv4":[{"address":"192.168.1.73/24","gateway":"192.168.1.254"}],"ipv6":[]}],"meta_data_file_id":"","network_data_file_id":"","type":"","user_account":[],"user_data_file_id":"","vendor_data_file_id":""}],"ipv4_addresses":[["127.0.0.1"],[],[],[],[],[],[],["192.168.1.73"]],"ipv6_addresses":[["::1"],[],[],[],[],[],[],["2001:861:5e43:3240:be24:11ff:fe6f:2003","fe80::be24:11ff:fe6f:2003"]],"keyboard_layout":"en-us","kvm_arguments":"","mac_addresses":["00:00:00:00:00:00","46:7B:A4:2A:2A:ED","66:1D:14:4E:FE:09","00:00:00:00:00:00","00:00:00:00:00:00","00:00:00:00:00:00","00:00:00:00:00:00","BC:24:11:6F:20:03"],"machine":"q35","memory":[{"dedicated":16384,"floating":0,"hugepages":"","keep_hugepages":false,"shared":0}],"migrate":false,"name":"work-03","network_device":[{"bridge":"vmbr0","disconnected":false,"enabled":true,"firewall":false,"mac_address":"bc:24:11:6f:20:03","model":"virtio","mtu":0,"queues":0,"rate_limit":0,"trunks":"","vlan_id":0}],"network_interface_names":["lo","bond0","dummy0","teql0","tunl0","sit0","ip6tnl0","eth0"],"node_name":"pve-03","numa":[],"on_boot":true,"operating_system":[{"type":"l26"}],"pool_id":null,"protection":false,"reboot":false,"reboot_after_update":true,"rng":[],"scsi_hardware":"virtio-scsi-single","serial_device":[],"smbios":[],"started":true,"startup":[],"stop_on_destroy":false,"tablet_device":true,"tags":["k8s","worker"],"template":false,"timeout_clone":1800,"timeout_create":1800,"timeout_migrate":1800,"timeout_move_disk":1800,"timeout_reboot":1800,"timeout_shutdown_vm":1800,"timeout_start_vm":1800,"timeout_stop_vm":300,"tpm_state":[],"usb":[],"vga":[],"virtiofs":[],"vm_id":8203,"watchdog":[]},"sensitive_attributes":[],"private":"bnVsbA==","dependencies":["module.talos.proxmox_virtual_environment_download_file.this","module.talos.proxmox_virtual_environment_download_file.update","module.talos.talos_image_factory_schematic.this","module.talos.talos_image_factory_schematic.updated"]}]},{"module":"module.talos","mode":"managed","type":"talos_image_factory_schematic","name":"this","provider":"provider[\"registry.opentofu.org/siderolabs/talos\"]","instances":[{"schema_version":0,"attributes":{"id":"53513e54bb39202f35694412577a6bc53d484744d35a126e5d42ef34785c0d83","schematic":"customization:\n  systemExtensions:\n    officialExtensions:\n      - siderolabs/qemu-guest-agent\n      - siderolabs/iscsi-tools\n      - siderolabs/util-linux-tools\n"},"sensitive_attributes":[]}]},{"module":"module.talos","mode":"managed","type":"talos_image_factory_schematic","name":"updated","provider":"provider[\"registry.opentofu.org/siderolabs/talos\"]","instances":[]}],"check_results":[{"object_kind":"var","config_addr":"var.nodes","status":"pass","objects":[{"object_addr":"var.nodes","status":"pass"}]}]}
